
Microsoft Visual Studio Solution File, Format Version 12.00
# Visual Studio 2013
VisualStudioVersion = 12.0.31101.0
MinimumVisualStudioVersion = 10.0.40219.1
Project("{FAE04EC0-301F-11D3-BF4B-00C04F79EFBC}") = "simpletilecascade", "simpletilecascade\simpletilecascade.csproj", "{F4661443-22A5-4427-87F3-B60B67E562C6}"
EndProject
Global
	GlobalSection(SolutionConfigurationPlatforms) = preSolution
		Debug|Any CPU = Debug|Any CPU
		Release|Any CPU = Release|Any CPU
	EndGlobalSection
	GlobalSection(ProjectConfigurationPlatforms) = postSolution
		{F4661443-22A5-4427-87F3-B60B67E562C6}.Debug|Any CPU.ActiveCfg = Debug|Any CPU
		{F4661443-22A5-4427-87F3-B60B67E562C6}.Debug|Any CPU.Build.0 = Debug|Any CPU
		{F4661443-22A5-4427-87F3-B60B67E562C6}.Release|Any CPU.ActiveCfg = Release|Any CPU
		{F4661443-22A5-4427-87F3-B60B67E562C6}.Release|Any CPU.Build.0 = Release|Any CPU
	EndGlobalSection
	GlobalSection(SolutionProperties) = preSolution
		HideSolutionNode = FALSE
	EndGlobalSection
EndGlobal
